<?xml version="1.0" encoding="utf-8"?>
<Project ToolsVersion="4.0" xmlns="http://schemas.microsoft.com/developer/msbuild/2003">
  <ItemGroup>
    <Filter Include="Source Files">
      <UniqueIdentifier>{13594945-e048-4918-b8cc-69b63e125332}</UniqueIdentifier>
      <Extensions>cpp;c;cxx;def;odl;idl;hpj;bat;asm</Extensions>
    </Filter>
    <Filter Include="Header Files">
      <UniqueIdentifier>{dafe30b2-f7ff-484c-b0ed-9e7379e7f34d}</UniqueIdentifier>
      <Extensions>h;hpp;hxx;hm;inl;inc</Extensions>
    </Filter>
    <Filter Include="Resource Files">
      <UniqueIdentifier>{b405a9f4-cf6a-4e1d-b7db-909298151f20}</UniqueIdentifier>
      <Extensions>rc;ico;cur;bmp;dlg;rc2;rct;bin;rgs;jpg;jpeg;jpe;manifest</Extensions>
    </Filter>
  </ItemGroup>
  <ItemGroup>
    <ClCompile Include="stdafx.cpp">
      <Filter>Source Files</Filter>
    </ClCompile>
    <ClCompile Include="colorspy.cpp">
      <Filter>Source Files</Filter>
    </ClCompile>
    <ClCompile Include="RGBConverter.cpp">
      <Filter>Source Files</Filter>
    </ClCompile>
  </ItemGroup>
  <ItemGroup>
    <ClInclude Include="stdafx.h">
      <Filter>Header Files</Filter>
    </ClInclude>
    <ClInclude Include="MainDlg.h">
      <Filter>Header Files</Filter>
    </ClInclude>
    <ClInclude Include="resource.h">
      <Filter>Header Files</Filter>
    </ClInclude>
    <ClInclude Include="HSVView.h">
      <Filter>Header Files</Filter>
    </ClInclude>
    <ClInclude Include="RGBConverter.h">
      <Filter>Header Files</Filter>
    </ClInclude>
    <ClInclude Include="PickerButton.h">
      <Filter>Header Files</Filter>
    </ClInclude>
    <ClInclude Include="ColorView.h">
      <Filter>Header Files</Filter>
    </ClInclude>
    <ClInclude Include="IntBar.h">
      <Filter>Header Files</Filter>
    </ClInclude>
    <ClInclude Include="IntBarCtrl.h">
      <Filter>Header Files</Filter>
    </ClInclude>
    <ClInclude Include="IntBarCtrlSet3.h">
      <Filter>Header Files</Filter>
    </ClInclude>
    <ClInclude Include="ColorCtrlWrapper.h">
      <Filter>Header Files</Filter>
    </ClInclude>
    <ClInclude Include="ColorCtrl.h">
      <Filter>Header Files</Filter>
    </ClInclude>
    <ClInclude Include="ZoomView.h">
      <Filter>Header Files</Filter>
    </ClInclude>
  </ItemGroup>
  <ItemGroup>
    <ResourceCompile Include="colorspy.rc">
      <Filter>Resource Files</Filter>
    </ResourceCompile>
  </ItemGroup>
  <ItemGroup>
    <None Include="res\colorspy.ico">
      <Filter>Resource Files</Filter>
    </None>
    <None Include="res\icon1.ico">
      <Filter>Resource Files</Filter>
    </None>
    <None Include="res\picker.ico">
      <Filter>Resource Files</Filter>
    </None>
    <None Include="res\picker1.bmp">
      <Filter>Resource Files</Filter>
    </None>
    <None Include="res\cursor1.cur">
      <Filter>Resource Files</Filter>
    </None>
    <None Include="res\cursor.cur">
      <Filter>Resource Files</Filter>
    </None>
  </ItemGroup>
</Project>